
Microsoft Visual Studio Solution File, Format Version 12.00
# Visual Studio 15
Project("{FAE04EC0-301F-11D3-BF4B-00C04F79EFBC}") = "Assembly-CSharp", "Assembly-CSharp.csproj", "{3E0E9ED9-C16B-BC28-3E8F-326D58438EFB}"
EndProject
Project("{FAE04EC0-301F-11D3-BF4B-00C04F79EFBC}") = "Assembly-CSharp-Editor", "Assembly-CSharp-Editor.csproj", "{B9515DB2-23BC-5AD5-95A5-FF936253E179}"
EndProject
Project("{FAE04EC0-301F-11D3-BF4B-00C04F79EFBC}") = "AmplifyShaderEditor", "AmplifyShaderEditor.csproj", "{7A8393CD-3902-4CA6-C5D6-70C1BC579E3A}"
EndProject
Global
	GlobalSection(SolutionConfigurationPlatforms) = preSolution
		Debug|Any CPU = Debug|Any CPU
		Release|Any CPU = Release|Any CPU
	EndGlobalSection
	GlobalSection(ProjectConfigurationPlatforms) = postSolution
		{3E0E9ED9-C16B-BC28-3E8F-326D58438EFB}.Debug|Any CPU.ActiveCfg = Debug|Any CPU
		{3E0E9ED9-C16B-BC28-3E8F-326D58438EFB}.Debug|Any CPU.Build.0 = Debug|Any CPU
		{3E0E9ED9-C16B-BC28-3E8F-326D58438EFB}.Release|Any CPU.ActiveCfg = Release|Any CPU
		{3E0E9ED9-C16B-BC28-3E8F-326D58438EFB}.Release|Any CPU.Build.0 = Release|Any CPU
		{B9515DB2-23BC-5AD5-95A5-FF936253E179}.Debug|Any CPU.ActiveCfg = Debug|Any CPU
		{B9515DB2-23BC-5AD5-95A5-FF936253E179}.Debug|Any CPU.Build.0 = Debug|Any CPU
		{B9515DB2-23BC-5AD5-95A5-FF936253E179}.Release|Any CPU.ActiveCfg = Release|Any CPU
		{B9515DB2-23BC-5AD5-95A5-FF936253E179}.Release|Any CPU.Build.0 = Release|Any CPU
		{7A8393CD-3902-4CA6-C5D6-70C1BC579E3A}.Debug|Any CPU.ActiveCfg = Debug|Any CPU
		{7A8393CD-3902-4CA6-C5D6-70C1BC579E3A}.Debug|Any CPU.Build.0 = Debug|Any CPU
		{7A8393CD-3902-4CA6-C5D6-70C1BC579E3A}.Release|Any CPU.ActiveCfg = Release|Any CPU
		{7A8393CD-3902-4CA6-C5D6-70C1BC579E3A}.Release|Any CPU.Build.0 = Release|Any CPU
	EndGlobalSection
	GlobalSection(SolutionProperties) = preSolution
		HideSolutionNode = FALSE
	EndGlobalSection
EndGlobal
